Microsoft Visual Studio Solution File, Format Version 12.00
# Visual Studio Version 17
VisualStudioVersion = 17.5.2.0
MinimumVisualStudioVersion = 10.0.40219.1
Project("{2150E333-8FDC-42A3-9474-1A3956D46DE8}") = "samples", "samples", "{5D20AA90-6969-D8BD-9DCD-8634F4692FDA}"
EndProject
Project("{FAE04EC0-301F-11D3-BF4B-00C04F79EFBC}") = "Context7Client", "samples\Context7Client\Context7Client.csproj", "{B157B8AE-F95F-AC5E-17F2-1F6EF0704D39}"
EndProject
Global
	GlobalSection(SolutionConfigurationPlatforms) = preSolution
		Debug|Any CPU = Debug|Any CPU
		Release|Any CPU = Release|Any CPU
	EndGlobalSection
	GlobalSection(ProjectConfigurationPlatforms) = postSolution
		{B157B8AE-F95F-AC5E-17F2-1F6EF0704D39}.Debug|Any CPU.ActiveCfg = Debug|Any CPU
		{B157B8AE-F95F-AC5E-17F2-1F6EF0704D39}.Debug|Any CPU.Build.0 = Debug|Any CPU
		{B157B8AE-F95F-AC5E-17F2-1F6EF0704D39}.Release|Any CPU.ActiveCfg = Release|Any CPU
		{B157B8AE-F95F-AC5E-17F2-1F6EF0704D39}.Release|Any CPU.Build.0 = Release|Any CPU
	EndGlobalSection
	GlobalSection(SolutionProperties) = preSolution
		HideSolutionNode = FALSE
	EndGlobalSection
	GlobalSection(NestedProjects) = preSolution
		{B157B8AE-F95F-AC5E-17F2-1F6EF0704D39} = {5D20AA90-6969-D8BD-9DCD-8634F4692FDA}
	EndGlobalSection
	GlobalSection(ExtensibilityGlobals) = postSolution
		SolutionGuid = {FC4501DE-8F2C-48EE-BF62-6A1C1FCDF214}
	EndGlobalSection
EndGlobal
