
Microsoft Visual Studio Solution File, Format Version 12.00
# Visual Studio Version 17
VisualStudioVersion = 17.14.36301.6 d17.14
MinimumVisualStudioVersion = 10.0.40219.1
Project("{FAE04EC0-301F-11D3-BF4B-00C04F79EFBC}") = "ExerciseGenerator", "ExerciseGenerator.csproj", "{8DB60BFB-CBDD-839B-6F73-F9D734BA86EF}"
EndProject
Global
	GlobalSection(SolutionConfigurationPlatforms) = preSolution
		Debug|Any CPU = Debug|Any CPU
		Release|Any CPU = Release|Any CPU
	EndGlobalSection
	GlobalSection(ProjectConfigurationPlatforms) = postSolution
		{8DB60BFB-CBDD-839B-6F73-F9D734BA86EF}.Debug|Any CPU.ActiveCfg = Debug|Any CPU
		{8DB60BFB-CBDD-839B-6F73-F9D734BA86EF}.Debug|Any CPU.Build.0 = Debug|Any CPU
		{8DB60BFB-CBDD-839B-6F73-F9D734BA86EF}.Release|Any CPU.ActiveCfg = Release|Any CPU
		{8DB60BFB-CBDD-839B-6F73-F9D734BA86EF}.Release|Any CPU.Build.0 = Release|Any CPU
	EndGlobalSection
	GlobalSection(SolutionProperties) = preSolution
		HideSolutionNode = FALSE
	EndGlobalSection
	GlobalSection(ExtensibilityGlobals) = postSolution
		SolutionGuid = {052DC082-0C68-4F80-AE01-25E19A0E1842}
	EndGlobalSection
EndGlobal
